// !$*UTF8*$!
{
	archiveVersion = 1;
	classes = {
	};
	objectVersion = 48;
	objects = {

/* Begin PBXBuildFile section */
		735EAAA81F876B6E0011859B /* AppDelegate.swift in Sources */ = {isa = PBXBuildFile; fileRef = 735EAAA71F876B6E0011859B /* AppDelegate.swift */; };
		735EAAAA1F876B6E0011859B /* ViewController.swift in Sources */ = {isa = PBXBuildFile; fileRef = 735EAAA91F876B6E0011859B /* ViewController.swift */; };
		735EAAAD1F876B6E0011859B /* Main.storyboard in Resources */ = {isa = PBXBuildFile; fileRef = 735EAAAB1F876B6E0011859B /* Main.storyboard */; };
		735EAAB01F876B6E0011859B /* localNotificationsCroma.xcdatamodeld in Sources */ = {isa = PBXBuildFile; fileRef = 735EAAAE1F876B6E0011859B /* localNotificationsCroma.xcdatamodeld */; };
		735EAAB21F876B6E0011859B /* Assets.xcassets in Resources */ = {isa = PBXBuildFile; fileRef = 735EAAB11F876B6E0011859B /* Assets.xcassets */; };
		735EAAB51F876B6E0011859B /* LaunchScreen.storyboard in Resources */ = {isa = PBXBuildFile; fileRef = 735EAAB31F876B6E0011859B /* LaunchScreen.storyboard */; };
/* End PBXBuildFile section */

/* Begin PBXFileReference section */
		735EAAA41F876B6E0011859B /* localNotificationsCroma.app */ = {isa = PBXFileReference; explicitFileType = wrapper.application; includeInIndex = 0; path = localNotificationsCroma.app; sourceTree = BUILT_PRODUCTS_DIR; };
		735EAAA71F876B6E0011859B /* AppDelegate.swift */ = {isa = PBXFileReference; lastKnownFileType = sourcecode.swift; path = AppDelegate.swift; sourceTree = "<group>"; };
		735EAAA91F876B6E0011859B /* ViewController.swift */ = {isa = PBXFileReference; lastKnownFileType = sourcecode.swift; path = ViewController.swift; sourceTree = "<group>"; };
		735EAAAC1F876B6E0011859B /* Base */ = {isa = PBXFileReference; lastKnownFileType = file.storyboard; name = Base; path = Base.lproj/Main.storyboard; sourceTree = "<group>"; };
		735EAAAF1F876B6E0011859B /* localNotificationsCroma.xcdatamodel */ = {isa = PBXFileReference; lastKnownFileType = wrapper.xcdatamodel; path = localNotificationsCroma.xcdatamodel; sourceTree = "<group>"; };
		735EAAB11F876B6E0011859B /* Assets.xcassets */ = {isa = PBXFileReference; lastKnownFileType = folder.assetcatalog; path = Assets.xcassets; sourceTree = "<group>"; };
		735EAAB41F876B6E0011859B /* Base */ = {isa = PBXFileReference; lastKnownFileType = file.storyboard; name = Base; path = Base.lproj/LaunchScreen.storyboard; sourceTree = "<group>"; };
		735EAAB61F876B6E0011859B /* Info.plist */ = {isa = PBXFileReference; lastKnownFileType = text.plist.xml; path = Info.plist; sourceTree = "<group>"; };
/* End PBXFileReference section */

/* Begin PBXFrameworksBuildPhase section */
		735EAAA11F876B6E0011859B /* Frameworks */ = {
			isa = PBXFrameworksBuildPhase;
			buildActionMask = 2147483647;
			files = (
			);
			runOnlyForDeploymentPostprocessing = 0;
		};
/* End PBXFrameworksBuildPhase section */

/* Begin PBXGroup section */
		735EAA9B1F876B6E0011859B = {
			isa = PBXGroup;
			children = (
				735EAAA61F876B6E0011859B /* localNotificationsCroma */,
				735EAAA51F876B6E0011859B /* Products */,
			);
			sourceTree = "<group>";
		};
		735EAAA51F876B6E0011859B /* Products */ = {
			isa = PBXGroup;
			children = (
				735EAAA41F876B6E0011859B /* localNotificationsCroma.app */,
			);
			name = Products;
			sourceTree = "<group>";
		};
		735EAAA61F876B6E0011859B /* localNotificationsCroma */ = {
			isa = PBXGroup;
			children = (
				735EAAA71F876B6E0011859B /* AppDelegate.swift */,
				735EAAA91F876B6E0011859B /* ViewController.swift */,
				735EAAAB1F876B6E0011859B /* Main.storyboard */,
				735EAAB11F876B6E0011859B /* Assets.xcassets */,
				735EAAB31F876B6E0011859B /* LaunchScreen.storyboard */,
				735EAAB61F876B6E0011859B /* Info.plist */,
				735EAAAE1F876B6E0011859B /* localNotificationsCroma.xcdatamodeld */,
			);
			path = localNotificationsCroma;
			sourceTree = "<group>";
		};
/* End PBXGroup section */

/* Begin PBXNativeTarget section */
		735EAAA31F876B6E0011859B /* localNotificationsCroma */ = {
			isa = PBXNativeTarget;
			buildConfigurationList = 735EAAB91F876B6E0011859B /* Build configuration list for PBXNativeTarget "localNotificationsCroma" */;
			buildPhases = (
				735EAAA01F876B6E0011859B /* Sources */,
				735EAAA11F876B6E0011859B /* Frameworks */,
				735EAAA21F876B6E0011859B /* Resources */,
			);
			buildRules = (
			);
			dependencies = (
			);
			name = localNotificationsCroma;
			productName = localNotificationsCroma;
			productReference = 735EAAA41F876B6E0011859B /* localNotificationsCroma.app */;
			productType = "com.apple.product-type.application";
		};
/* End PBXNativeTarget section */

/* Begin PBXProject section */
		735EAA9C1F876B6E0011859B /* Project object */ = {
			isa = PBXProject;
			attributes = {
				LastSwiftUpdateCheck = 0900;
				LastUpgradeCheck = 0900;
				ORGANIZATIONNAME = AditiSrivastava;
				TargetAttributes = {
					735EAAA31F876B6E0011859B = {
						CreatedOnToolsVersion = 9.0;
						ProvisioningStyle = Automatic;
					};
				};
			};
			buildConfigurationList = 735EAA9F1F876B6E0011859B /* Build configuration list for PBXProject "localNotificationsCroma" */;
			compatibilityVersion = "Xcode 8.0";
			developmentRegion = en;
			hasScannedForEncodings = 0;
			knownRegions = (
				en,
				Base,
			);
			mainGroup = 735EAA9B1F876B6E0011859B;
			productRefGroup = 735EAAA51F876B6E0011859B /* Products */;
			projectDirPath = "";
			projectRoot = "";
			targets = (
				735EAAA31F876B6E0011859B /* localNotificationsCroma */,
			);
		};
/* End PBXProject section */

/* Begin PBXResourcesBuildPhase section */
		735EAAA21F876B6E0011859B /* Resources */ = {
			isa = PBXResourcesBuildPhase;
			buildActionMask = 2147483647;
			files = (
				735EAAB51F876B6E0011859B /* LaunchScreen.storyboard in Resources */,
				735EAAB21F876B6E0011859B /* Assets.xcassets in Resources */,
				735EAAAD1F876B6E0011859B /* Main.storyboard in Resources */,
			);
			runOnlyForDeploymentPostprocessing = 0;
		};
/* End PBXResourcesBuildPhase section */

/* Begin PBXSourcesBuildPhase section */
		735EAAA01F876B6E0011859B /* Sources */ = {
			isa = PBXSourcesBuildPhase;
			buildActionMask = 2147483647;
			files = (
				735EAAB01F876B6E0011859B /* localNotificationsCroma.xcdatamodeld in Sources */,
				735EAAAA1F876B6E0011859B /* ViewController.swift in Sources */,
				735EAAA81F876B6E0011859B /* AppDelegate.swift in Sources */,
			);
			runOnlyForDeploymentPostprocessing = 0;
		};
/* End PBXSourcesBuildPhase section */

/* Begin PBXVariantGroup section */
		735EAAAB1F876B6E0011859B /* Main.storyboard */ = {
			isa = PBXVariantGroup;
			children = (
				735EAAAC1F876B6E0011859B /* Base */,
			);
			name = Main.storyboard;
			sourceTree = "<group>";
		};
		735EAAB31F876B6E0011859B /* LaunchScreen.storyboard */ = {
			isa = PBXVariantGroup;
			children = (
				735EAAB41F876B6E0011859B /* Base */,
			);
			name = LaunchScreen.storyboard;
			sourceTree = "<group>";
		};
/* End PBXVariantGroup section */

/* Begin XCBuildConfiguration section */
		735EAAB71F876B6E0011859B /* Debug */ = {
			isa = XCBuildConfiguration;
			buildSettings = {
				ALWAYS_SEARCH_USER_PATHS = NO;
				CLANG_ANALYZER_NONNULL = YES;
				CLANG_ANALYZER_NUMBER_OBJECT_CONVERSION = YES_AGGRESSIVE;
				CLANG_CXX_LANGUAGE_STANDARD = "gnu++14";
				CLANG_CXX_LIBRARY = "libc++";
				CLANG_ENABLE_MODULES = YES;
				CLANG_ENABLE_OBJC_ARC = YES;
				CLANG_WARN_BLOCK_CAPTURE_AUTORELEASING = YES;
				CLANG_WARN_BOOL_CONVERSION = YES;
				CLANG_WARN_COMMA = YES;
				CLANG_WARN_CONSTANT_CONVERSION = YES;
				CLANG_WARN_DIRECT_OBJC_ISA_USAGE = YES_ERROR;
				CLANG_WARN_DOCUMENTATION_COMMENTS = YES;
				CLANG_WARN_EMPTY_BODY = YES;
				CLANG_WARN_ENUM_CONVERSION = YES;
				CLANG_WARN_INFINITE_RECURSION = YES;
				CLANG_WARN_INT_CONVERSION = YES;
				CLANG_WARN_NON_LITERAL_NULL_CONVERSION = YES;
				CLANG_WARN_OBJC_LITERAL_CONVERSION = YES;
				CLANG_WARN_OBJC_ROOT_CLASS = YES_ERROR;
				CLANG_WARN_RANGE_LOOP_ANALYSIS = YES;
				CLANG_WARN_STRICT_PROTOTYPES = YES;
				CLANG_WARN_SUSPICIOUS_MOVE = YES;
				CLANG_WARN_UNGUARDED_AVAILABILITY = YES_AGGRESSIVE;
				CLANG_WARN_UNREACHABLE_CODE = YES;
				CLANG_WARN__DUPLICATE_METHOD_MATCH = YES;
				CODE_SIGN_IDENTITY = "iPhone Developer";
				COPY_PHASE_STRIP = NO;
				DEBUG_INFORMATION_FORMAT = dwarf;
				ENABLE_STRICT_OBJC_MSGSEND = YES;
				ENABLE_TESTABILITY = YES;
				GCC_C_LANGUAGE_STANDARD = gnu11;
				GCC_DYNAMIC_NO_PIC = NO;
				GCC_NO_COMMON_BLOCKS = YES;
				GCC_OPTIMIZATION_LEVEL = 0;
				GCC_PREPROCESSOR_DEFINITIONS = (
					"DEBUG=1",
					"$(inherited)",
				);
				GCC_WARN_64_TO_32_BIT_CONVERSION = YES;
				GCC_WARN_ABOUT_RETURN_TYPE = YES_ERROR;
				GCC_WARN_UNDECLARED_SELECTOR = YES;
				GCC_WARN_UNINITIALIZED_AUTOS = YES_AGGRESSIVE;
				GCC_WARN_UNUSED_FUNCTION = YES;
				GCC_WARN_UNUSED_VARIABLE = YES;
				IPHONEOS_DEPLOYMENT_TARGET = 11.0;
				MTL_ENABLE_DEBUG_INFO = YES;
				ONLY_ACTIVE_ARCH = YES;
				SDKROOT = iphoneos;
				SWIFT_ACTIVE_COMPILATION_CONDITIONS = DEBUG;
				SWIFT_OPTIMIZATION_LEVEL = "-Onone";
			};
			name = Debug;
		};
		735EAAB81F876B6E0011859B /* Release */ = {
			isa = XCBuildConfiguration;
			buildSettings = {
				ALWAYS_SEARCH_USER_PATHS = NO;
				CLANG_ANALYZER_NONNULL = YES;
				CLANG_ANALYZER_NUMBER_OBJECT_CONVERSION = YES_AGGRESSIVE;
				CLANG_CXX_LANGUAGE_STANDARD = "gnu++14";
				CLANG_CXX_LIBRARY = "libc++";
				CLANG_ENABLE_MODULES = YES;
				CLANG_ENABLE_OBJC_ARC = YES;
				CLANG_WARN_BLOCK_CAPTURE_AUTORELEASING = YES;
				CLANG_WARN_BOOL_CONVERSION = YES;
				CLANG_WARN_COMMA = YES;
				CLANG_WARN_CONSTANT_CONVERSION = YES;
				CLANG_WARN_DIRECT_OBJC_ISA_USAGE = YES_ERROR;
				CLANG_WARN_DOCUMENTATION_COMMENTS = YES;
				CLANG_WARN_EMPTY_BODY = YES;
				CLANG_WARN_ENUM_CONVERSION = YES;
				CLANG_WARN_INFINITE_RECURSION = YES;
				CLANG_WARN_INT_CONVERSION = YES;
				CLANG_WARN_NON_LITERAL_NULL_CONVERSION = YES;
				CLANG_WARN_OBJC_LITERAL_CONVERSION = YES;
				CLANG_WARN_OBJC_ROOT_CLASS = YES_ERROR;
				CLANG_WARN_RANGE_LOOP_ANALYSIS = YES;
				CLANG_WARN_STRICT_PROTOTYPES = YES;
				CLANG_WARN_SUSPICIOUS_MOVE = YES;
				CLANG_WARN_UNGUARDED_AVAILABILITY = YES_AGGRESSIVE;
				CLANG_WARN_UNREACHABLE_CODE = YES;
				CLANG_WARN__DUPLICATE_METHOD_MATCH = YES;
				CODE_SIGN_IDENTITY = "iPhone Developer";
				COPY_PHASE_STRIP = NO;
				DEBUG_INFORMATION_FORMAT = "dwarf-with-dsym";
				ENABLE_NS_ASSERTIONS = NO;
				ENABLE_STRICT_OBJC_MSGSEND = YES;
				GCC_C_LANGUAGE_STANDARD = gnu11;
				GCC_NO_COMMON_BLOCKS = YES;
				GCC_WARN_64_TO_32_BIT_CONVERSION = YES;
				GCC_WARN_ABOUT_RETURN_TYPE = YES_ERROR;
				GCC_WARN_UNDECLARED_SELECTOR = YES;
				GCC_WARN_UNINITIALIZED_AUTOS = YES_AGGRESSIVE;
				GCC_WARN_UNUSED_FUNCTION = YES;
				GCC_WARN_UNUSED_VARIABLE = YES;
				IPHONEOS_DEPLOYMENT_TARGET = 11.0;
				MTL_ENABLE_DEBUG_INFO = NO;
				SDKROOT = iphoneos;
				SWIFT_OPTIMIZATION_LEVEL = "-Owholemodule";
				VALIDATE_PRODUCT = YES;
			};
			name = Release;
		};
		735EAABA1F876B6E0011859B /* Debug */ = {
			isa = XCBuildConfiguration;
			buildSettings = {
				ASSETCATALOG_COMPILER_APPICON_NAME = AppIcon;
				CODE_SIGN_STYLE = Automatic;
				DEVELOPMENT_TEAM = T5R28HSNU6;
				INFOPLIST_FILE = localNotificationsCroma/Info.plist;
				LD_RUNPATH_SEARCH_PATHS = "$(inherited) @executable_path/Frameworks";
				PRODUCT_BUNDLE_IDENTIFIER = aditisrivastavaapps.localNotificationsCroma;
				PRODUCT_NAME = "$(TARGET_NAME)";
				SWIFT_VERSION = 4.0;
				TARGETED_DEVICE_FAMILY = "1,2";
			};
			name = Debug;
		};
		735EAABB1F876B6E0011859B /* Release */ = {
			isa = XCBuildConfiguration;
			buildSettings = {
				ASSETCATALOG_COMPILER_APPICON_NAME = AppIcon;
				CODE_SIGN_STYLE = Automatic;
				DEVELOPMENT_TEAM = T5R28HSNU6;
				INFOPLIST_FILE = localNotificationsCroma/Info.plist;
				LD_RUNPATH_SEARCH_PATHS = "$(inherited) @executable_path/Frameworks";
				PRODUCT_BUNDLE_IDENTIFIER = aditisrivastavaapps.localNotificationsCroma;
				PRODUCT_NAME = "$(TARGET_NAME)";
				SWIFT_VERSION = 4.0;
				TARGETED_DEVICE_FAMILY = "1,2";
			};
			name = Release;
		};
/* End XCBuildConfiguration section */

/* Begin XCConfigurationList section */
		735EAA9F1F876B6E0011859B /* Build configuration list for PBXProject "localNotificationsCroma" */ = {
			isa = XCConfigurationList;
			buildConfigurations = (
				735EAAB71F876B6E0011859B /* Debug */,
				735EAAB81F876B6E0011859B /* Release */,
			);
			defaultConfigurationIsVisible = 0;
			defaultConfigurationName = Release;
		};
		735EAAB91F876B6E0011859B /* Build configuration list for PBXNativeTarget "localNotificationsCroma" */ = {
			isa = XCConfigurationList;
			buildConfigurations = (
				735EAABA1F876B6E0011859B /* Debug */,
				735EAABB1F876B6E0011859B /* Release */,
			);
			defaultConfigurationIsVisible = 0;
			defaultConfigurationName = Release;
		};
/* End XCConfigurationList section */

/* Begin XCVersionGroup section */
		735EAAAE1F876B6E0011859B /* localNotificationsCroma.xcdatamodeld */ = {
			isa = XCVersionGroup;
			children = (
				735EAAAF1F876B6E0011859B /* localNotificationsCroma.xcdatamodel */,
			);
			currentVersion = 735EAAAF1F876B6E0011859B /* localNotificationsCroma.xcdatamodel */;
			path = localNotificationsCroma.xcdatamodeld;
			sourceTree = "<group>";
			versionGroupType = wrapper.xcdatamodel;
		};
/* End XCVersionGroup section */
	};
	rootObject = 735EAA9C1F876B6E0011859B /* Project object */;
}
